
Microsoft Visual Studio Solution File, Format Version 12.00
# Visual Studio 15
VisualStudioVersion = 15.0.28307.136
MinimumVisualStudioVersion = 10.0.40219.1
Project("{FAE04EC0-301F-11D3-BF4B-00C04F79EFBC}") = "DevOpsCalc", "DevOpsCalc\DevOpsCalc.csproj", "{BCBC0328-74E8-4DB5-A8D5-938D499BA63C}"
EndProject
Project("{FAE04EC0-301F-11D3-BF4B-00C04F79EFBC}") = "DevOpsCalcTests", "DevOpsCalcTests\DevOpsCalcTests.csproj", "{392E5887-053F-4396-B9BE-9F624FDFC529}"
EndProject
Global
	GlobalSection(SolutionConfigurationPlatforms) = preSolution
		Debug|Any CPU = Debug|Any CPU
		Release|Any CPU = Release|Any CPU
	EndGlobalSection
	GlobalSection(ProjectConfigurationPlatforms) = postSolution
		{BCBC0328-74E8-4DB5-A8D5-938D499BA63C}.Debug|Any CPU.ActiveCfg = Debug|Any CPU
		{BCBC0328-74E8-4DB5-A8D5-938D499BA63C}.Debug|Any CPU.Build.0 = Debug|Any CPU
		{BCBC0328-74E8-4DB5-A8D5-938D499BA63C}.Release|Any CPU.ActiveCfg = Release|Any CPU
		{BCBC0328-74E8-4DB5-A8D5-938D499BA63C}.Release|Any CPU.Build.0 = Release|Any CPU
		{392E5887-053F-4396-B9BE-9F624FDFC529}.Debug|Any CPU.ActiveCfg = Debug|Any CPU
		{392E5887-053F-4396-B9BE-9F624FDFC529}.Debug|Any CPU.Build.0 = Debug|Any CPU
		{392E5887-053F-4396-B9BE-9F624FDFC529}.Release|Any CPU.ActiveCfg = Release|Any CPU
		{392E5887-053F-4396-B9BE-9F624FDFC529}.Release|Any CPU.Build.0 = Release|Any CPU
	EndGlobalSection
	GlobalSection(SolutionProperties) = preSolution
		HideSolutionNode = FALSE
	EndGlobalSection
	GlobalSection(ExtensibilityGlobals) = postSolution
		SolutionGuid = {41EAF2E4-A0FC-4690-BB11-B5F0D5F0B401}
	EndGlobalSection
EndGlobal
